# THIS IS AN AUTOGENERATED FILE. DO NOT EDIT THIS FILE DIRECTLY.
# yarn lockfile v1


kafkajs@^2.2.2:
  version "2.2.2"
  resolved "https://registry.yarnpkg.com/kafkajs/-/kafkajs-2.2.2.tgz#0b605e9583ac2ac36f843ceb55c93a4f0fee3112"
  integrity sha512-9wpGLAwRVbVtSew3xwi2f2BMuYLXWhYcoYB/O7gd1JYOYuYTAEC60CeFgRQugI016MxqvOKnOOA+l1jx+4b84g==
